PODS:
  - Alamofire (5.7.1)
  - JCore (4.7.1)
  - JPush (5.3.0):
    - JCore (>= 2.0.0)
  - Kingfisher (7.12.0)
  - MBProgressHUD (1.2.0)
  - Realm (10.53.0):
    - Realm/Headers (= 10.53.0)
  - Realm/Headers (10.53.0)
  - RealmSwift (10.53.0):
    - Realm (= 10.53.0)
  - RxSwift (6.7.1)
  - SwiftyJSON (5.0.2)

DEPENDENCIES:
  - Alamofire (~> 5.7.1)
  - JPush
  - Kingfisher
  - MBProgressHUD
  - RealmSwift
  - RxSwift
  - SwiftyJSON

SPEC REPOS:
  trunk:
    - Alamofire
    - JCore
    - JPush
    - Kingfisher
    - MBProgressHUD
    - Realm
    - RealmSwift
    - RxSwift
    - SwiftyJSON

SPEC CHECKSUMS:
  Alamofire: 0123a34370cb170936ae79a8df46cc62b2edeb88
  JCore: 8a8afeb68438b8424864252c7fb4514b8f10135f
  JPush: b71f497a3c1b825c7843fd97f290b05d5cd75f2e
  Kingfisher: 53a10ea35051a436b5fb626ca2dd8f3144d755e9
  MBProgressHUD: 3ee5efcc380f6a79a7cc9b363dd669c5e1ae7406
  Realm: e3d9f52df62d7479cf921e5d70294da4fdd2081f
  RealmSwift: 03b060aea36701f8f4bef9fd1d4f4788ae867505
  RxSwift: b9a93a26031785159e11abd40d1a55bcb8057e52
  SwiftyJSON: f5b1bf1cd8dd53cd25887ac0eabcfd92301c6a5a

PODFILE CHECKSUM: 5c81fa5a055ab5f2e97c75fd83d0619dc7477361

COCOAPODS: 1.15.2
